
Microsoft Visual Studio Solution File, Format Version 12.00
# Visual Studio 15
VisualStudioVersion = 15.0.26403.7
MinimumVisualStudioVersion = 10.0.40219.1
Project("{2150E333-8FDC-42A3-9474-1A3956D46DE8}") = "src", "src", "{439CE67C-9AA5-4340-8823-DFB5D664DB7C}"
EndProject
Project("{2150E333-8FDC-42A3-9474-1A3956D46DE8}") = "Solution Items", "Solution Items", "{6DD0990D-31F2-49F9-8E49-C487F824A67B}"
EndProject
Project("{9A19103F-16F7-4668-BE54-9A1E7A4F7556}") = "ProgrammersPoint", "src\ProgrammersPoint\ProgrammersPoint.csproj", "{89C13F51-3B1C-4A87-A66D-A49F395B98B2}"
EndProject
Project("{FAE04EC0-301F-11D3-BF4B-00C04F79EFBC}") = "ProgrammersPointUnitTests", "ProgrammersPointUnitTests\ProgrammersPointUnitTests.csproj", "{26EF51E3-835A-4F77-AB5D-F16CC24A1763}"
EndProject
Global
	GlobalSection(SolutionConfigurationPlatforms) = preSolution
		Debug|Any CPU = Debug|Any CPU
		Release|Any CPU = Release|Any CPU
	EndGlobalSection
	GlobalSection(ProjectConfigurationPlatforms) = postSolution
		{89C13F51-3B1C-4A87-A66D-A49F395B98B2}.Debug|Any CPU.ActiveCfg = Debug|Any CPU
		{89C13F51-3B1C-4A87-A66D-A49F395B98B2}.Debug|Any CPU.Build.0 = Debug|Any CPU
		{89C13F51-3B1C-4A87-A66D-A49F395B98B2}.Release|Any CPU.ActiveCfg = Release|Any CPU
		{89C13F51-3B1C-4A87-A66D-A49F395B98B2}.Release|Any CPU.Build.0 = Release|Any CPU
		{26EF51E3-835A-4F77-AB5D-F16CC24A1763}.Debug|Any CPU.ActiveCfg = Debug|Any CPU
		{26EF51E3-835A-4F77-AB5D-F16CC24A1763}.Debug|Any CPU.Build.0 = Debug|Any CPU
		{26EF51E3-835A-4F77-AB5D-F16CC24A1763}.Release|Any CPU.ActiveCfg = Release|Any CPU
		{26EF51E3-835A-4F77-AB5D-F16CC24A1763}.Release|Any CPU.Build.0 = Release|Any CPU
	EndGlobalSection
	GlobalSection(SolutionProperties) = preSolution
		HideSolutionNode = FALSE
	EndGlobalSection
	GlobalSection(NestedProjects) = preSolution
		{89C13F51-3B1C-4A87-A66D-A49F395B98B2} = {439CE67C-9AA5-4340-8823-DFB5D664DB7C}
	EndGlobalSection
EndGlobal
